// !$*UTF8*$!
{
	archiveVersion = 1;
	classes = {
	};
	objectVersion = 48;
	objects = {

/* Begin PBXBuildFile section */
		088218CAB08C330F6FC98849 /* Pods_YourRecipesTests.framework in Frameworks */ = {isa = PBXBuildFile; fileRef = 74B96EE3F287AA1BB4969779 /* Pods_YourRecipesTests.framework */; };
		20C9472A9DD1018453A08C33 /* Pods_YourRecipesUITests.framework in Frameworks */ = {isa = PBXBuildFile; fileRef = BF7461BF7A9D745A764DAB33 /* Pods_YourRecipesUITests.framework */; };
		3AE371A5FD23477167CA4B03 /* Pods_YourRecipes.framework in Frameworks */ = {isa = PBXBuildFile; fileRef = C79EDEA6116945C6DA40B96B /* Pods_YourRecipes.framework */; };
		515FF73B1FC9C1DC002D0DAC /* RecipeRequests.swift in Sources */ = {isa = PBXBuildFile; fileRef = 515FF73A1FC9C1DC002D0DAC /* RecipeRequests.swift */; };
		515FF73E1FC9C404002D0DAC /* RecipesParameters.swift in Sources */ = {isa = PBXBuildFile; fileRef = 515FF73D1FC9C404002D0DAC /* RecipesParameters.swift */; };
		515FF7401FC9C927002D0DAC /* RecipesOperation.swift in Sources */ = {isa = PBXBuildFile; fileRef = 515FF73F1FC9C927002D0DAC /* RecipesOperation.swift */; };
		5198BD781FC98C1700DF21E5 /* Environment.swift in Sources */ = {isa = PBXBuildFile; fileRef = 5198BD771FC98C1700DF21E5 /* Environment.swift */; };
		5198BD7A1FC98C3E00DF21E5 /* NetworkDispatcher.swift in Sources */ = {isa = PBXBuildFile; fileRef = 5198BD791FC98C3E00DF21E5 /* NetworkDispatcher.swift */; };
		519F5E0C1FC944440076B02D /* AppDelegate.swift in Sources */ = {isa = PBXBuildFile; fileRef = 519F5E0B1FC944440076B02D /* AppDelegate.swift */; };
		519F5E111FC944440076B02D /* Main.storyboard in Resources */ = {isa = PBXBuildFile; fileRef = 519F5E0F1FC944440076B02D /* Main.storyboard */; };
		519F5E141FC944440076B02D /* YourRecipes.xcdatamodeld in Sources */ = {isa = PBXBuildFile; fileRef = 519F5E121FC944440076B02D /* YourRecipes.xcdatamodeld */; };
		519F5E161FC944440076B02D /* Assets.xcassets in Resources */ = {isa = PBXBuildFile; fileRef = 519F5E151FC944440076B02D /* Assets.xcassets */; };
		519F5E191FC944440076B02D /* LaunchScreen.storyboard in Resources */ = {isa = PBXBuildFile; fileRef = 519F5E171FC944440076B02D /* LaunchScreen.storyboard */; };
		519F5E241FC944440076B02D /* YourRecipesTests.swift in Sources */ = {isa = PBXBuildFile; fileRef = 519F5E231FC944440076B02D /* YourRecipesTests.swift */; };
		519F5E2F1FC944440076B02D /* YourRecipesUITests.swift in Sources */ = {isa = PBXBuildFile; fileRef = 519F5E2E1FC944440076B02D /* YourRecipesUITests.swift */; };
		519F5E3E1FC944900076B02D /* Localizable.strings in Resources */ = {isa = PBXBuildFile; fileRef = 519F5E401FC944900076B02D /* Localizable.strings */; };
		519F5E4B1FC945600076B02D /* LoadingViewController.swift in Sources */ = {isa = PBXBuildFile; fileRef = 519F5E491FC945600076B02D /* LoadingViewController.swift */; };
		519F5E4C1FC945600076B02D /* LoadingViewController.xib in Resources */ = {isa = PBXBuildFile; fileRef = 519F5E4A1FC945600076B02D /* LoadingViewController.xib */; };
		519F5E4F1FC945710076B02D /* ListViewController.swift in Sources */ = {isa = PBXBuildFile; fileRef = 519F5E4D1FC945710076B02D /* ListViewController.swift */; };
		519F5E501FC945710076B02D /* ListViewController.xib in Resources */ = {isa = PBXBuildFile; fileRef = 519F5E4E1FC945710076B02D /* ListViewController.xib */; };
		519F5E531FC945820076B02D /* DetailsViewController.swift in Sources */ = {isa = PBXBuildFile; fileRef = 519F5E511FC945820076B02D /* DetailsViewController.swift */; };
		519F5E541FC945820076B02D /* DetailsViewController.xib in Resources */ = {isa = PBXBuildFile; fileRef = 519F5E521FC945820076B02D /* DetailsViewController.xib */; };
		519F5E591FC950980076B02D /* CDRecipe+CoreDataClass.swift in Sources */ = {isa = PBXBuildFile; fileRef = 519F5E551FC950980076B02D /* CDRecipe+CoreDataClass.swift */; };
		519F5E5A1FC950980076B02D /* CDRecipe+CoreDataProperties.swift in Sources */ = {isa = PBXBuildFile; fileRef = 519F5E561FC950980076B02D /* CDRecipe+CoreDataProperties.swift */; };
		519F5E5B1FC950980076B02D /* CDIngredient+CoreDataClass.swift in Sources */ = {isa = PBXBuildFile; fileRef = 519F5E571FC950980076B02D /* CDIngredient+CoreDataClass.swift */; };
		519F5E5C1FC950980076B02D /* CDIngredient+CoreDataProperties.swift in Sources */ = {isa = PBXBuildFile; fileRef = 519F5E581FC950980076B02D /* CDIngredient+CoreDataProperties.swift */; };
		519F5E5E1FC952020076B02D /* UIColor+AppColors.swift in Sources */ = {isa = PBXBuildFile; fileRef = 519F5E5D1FC952020076B02D /* UIColor+AppColors.swift */; };
		519F5E601FC9579F0076B02D /* String+Localize.swift in Sources */ = {isa = PBXBuildFile; fileRef = 519F5E5F1FC9579F0076B02D /* String+Localize.swift */; };
		51A218621FC97C9500428D3C /* APIManager.swift in Sources */ = {isa = PBXBuildFile; fileRef = 51A218611FC97C9500428D3C /* APIManager.swift */; };
		51A218641FC97CAC00428D3C /* Response.swift in Sources */ = {isa = PBXBuildFile; fileRef = 51A218631FC97CAC00428D3C /* Response.swift */; };
		51A218661FC97CE000428D3C /* Dispatcher.swift in Sources */ = {isa = PBXBuildFile; fileRef = 51A218651FC97CE000428D3C /* Dispatcher.swift */; };
		51A218681FC97D0000428D3C /* Request.swift in Sources */ = {isa = PBXBuildFile; fileRef = 51A218671FC97D0000428D3C /* Request.swift */; };
		51A2186A1FC97D1D00428D3C /* Operation.swift in Sources */ = {isa = PBXBuildFile; fileRef = 51A218691FC97D1D00428D3C /* Operation.swift */; };
/* End PBXBuildFile section */

/* Begin PBXContainerItemProxy section */
		519F5E201FC944440076B02D /* PBXContainerItemProxy */ = {
			isa = PBXContainerItemProxy;
			containerPortal = 519F5E001FC944440076B02D /* Project object */;
			proxyType = 1;
			remoteGlobalIDString = 519F5E071FC944440076B02D;
			remoteInfo = YourRecipes;
		};
		519F5E2B1FC944440076B02D /* PBXContainerItemProxy */ = {
			isa = PBXContainerItemProxy;
			containerPortal = 519F5E001FC944440076B02D /* Project object */;
			proxyType = 1;
			remoteGlobalIDString = 519F5E071FC944440076B02D;
			remoteInfo = YourRecipes;
		};
/* End PBXContainerItemProxy section */

/* Begin PBXFileReference section */
		2FE76D6C96AB5B6B59F96929 /* Pods-YourRecipesTests.debug.xcconfig */ = {isa = PBXFileReference; includeInIndex = 1; lastKnownFileType = text.xcconfig; name = "Pods-YourRecipesTests.debug.xcconfig"; path = "Pods/Target Support Files/Pods-YourRecipesTests/Pods-YourRecipesTests.debug.xcconfig"; sourceTree = "<group>"; };
		515FF73A1FC9C1DC002D0DAC /* RecipeRequests.swift */ = {isa = PBXFileReference; lastKnownFileType = sourcecode.swift; path = RecipeRequests.swift; sourceTree = "<group>"; };
		515FF73D1FC9C404002D0DAC /* RecipesParameters.swift */ = {isa = PBXFileReference; lastKnownFileType = sourcecode.swift; path = RecipesParameters.swift; sourceTree = "<group>"; };
		515FF73F1FC9C927002D0DAC /* RecipesOperation.swift */ = {isa = PBXFileReference; lastKnownFileType = sourcecode.swift; path = RecipesOperation.swift; sourceTree = "<group>"; };
		5193CB8D1FC9D7E300A79D63 /* YourRecipes-Bridging-Header.h */ = {isa = PBXFileReference; lastKnownFileType = sourcecode.c.h; path = "YourRecipes-Bridging-Header.h"; sourceTree = "<group>"; };
		5198BD771FC98C1700DF21E5 /* Environment.swift */ = {isa = PBXFileReference; lastKnownFileType = sourcecode.swift; path = Environment.swift; sourceTree = "<group>"; };
		5198BD791FC98C3E00DF21E5 /* NetworkDispatcher.swift */ = {isa = PBXFileReference; lastKnownFileType = sourcecode.swift; path = NetworkDispatcher.swift; sourceTree = "<group>"; };
		519F5E081FC944440076B02D /* YourRecipes.app */ = {isa = PBXFileReference; explicitFileType = wrapper.application; includeInIndex = 0; path = YourRecipes.app; sourceTree = BUILT_PRODUCTS_DIR; };
		519F5E0B1FC944440076B02D /* AppDelegate.swift */ = {isa = PBXFileReference; lastKnownFileType = sourcecode.swift; path = AppDelegate.swift; sourceTree = "<group>"; };
		519F5E101FC944440076B02D /* Base */ = {isa = PBXFileReference; lastKnownFileType = file.storyboard; name = Base; path = Base.lproj/Main.storyboard; sourceTree = "<group>"; };
		519F5E131FC944440076B02D /* YourRecipes.xcdatamodel */ = {isa = PBXFileReference; lastKnownFileType = wrapper.xcdatamodel; path = YourRecipes.xcdatamodel; sourceTree = "<group>"; };
		519F5E151FC944440076B02D /* Assets.xcassets */ = {isa = PBXFileReference; lastKnownFileType = folder.assetcatalog; path = Assets.xcassets; sourceTree = "<group>"; };
		519F5E181FC944440076B02D /* Base */ = {isa = PBXFileReference; lastKnownFileType = file.storyboard; name = Base; path = Base.lproj/LaunchScreen.storyboard; sourceTree = "<group>"; };
		519F5E1A1FC944440076B02D /* Info.plist */ = {isa = PBXFileReference; lastKnownFileType = text.plist.xml; path = Info.plist; sourceTree = "<group>"; };
		519F5E1F1FC944440076B02D /* YourRecipesTests.xctest */ = {isa = PBXFileReference; explicitFileType = wrapper.cfbundle; includeInIndex = 0; path = YourRecipesTests.xctest; sourceTree = BUILT_PRODUCTS_DIR; };
		519F5E231FC944440076B02D /* YourRecipesTests.swift */ = {isa = PBXFileReference; lastKnownFileType = sourcecode.swift; path = YourRecipesTests.swift; sourceTree = "<group>"; };
		519F5E251FC944440076B02D /* Info.plist */ = {isa = PBXFileReference; lastKnownFileType = text.plist.xml; path = Info.plist; sourceTree = "<group>"; };
		519F5E2A1FC944440076B02D /* YourRecipesUITests.xctest */ = {isa = PBXFileReference; explicitFileType = wrapper.cfbundle; includeInIndex = 0; path = YourRecipesUITests.xctest; sourceTree = BUILT_PRODUCTS_DIR; };
		519F5E2E1FC944440076B02D /* YourRecipesUITests.swift */ = {isa = PBXFileReference; lastKnownFileType = sourcecode.swift; path = YourRecipesUITests.swift; sourceTree = "<group>"; };
		519F5E301FC944440076B02D /* Info.plist */ = {isa = PBXFileReference; lastKnownFileType = text.plist.xml; path = Info.plist; sourceTree = "<group>"; };
		519F5E3F1FC944900076B02D /* en */ = {isa = PBXFileReference; lastKnownFileType = text.plist.strings; name = en; path = en.lproj/Localizable.strings; sourceTree = "<group>"; };
		519F5E491FC945600076B02D /* LoadingViewController.swift */ = {isa = PBXFileReference; lastKnownFileType = sourcecode.swift; path = LoadingViewController.swift; sourceTree = "<group>"; };
		519F5E4A1FC945600076B02D /* LoadingViewController.xib */ = {isa = PBXFileReference; lastKnownFileType = file.xib; path = LoadingViewController.xib; sourceTree = "<group>"; };
		519F5E4D1FC945710076B02D /* ListViewController.swift */ = {isa = PBXFileReference; lastKnownFileType = sourcecode.swift; path = ListViewController.swift; sourceTree = "<group>"; };
		519F5E4E1FC945710076B02D /* ListViewController.xib */ = {isa = PBXFileReference; lastKnownFileType = file.xib; path = ListViewController.xib; sourceTree = "<group>"; };
		519F5E511FC945820076B02D /* DetailsViewController.swift */ = {isa = PBXFileReference; lastKnownFileType = sourcecode.swift; path = DetailsViewController.swift; sourceTree = "<group>"; };
		519F5E521FC945820076B02D /* DetailsViewController.xib */ = {isa = PBXFileReference; lastKnownFileType = file.xib; path = DetailsViewController.xib; sourceTree = "<group>"; };
		519F5E551FC950980076B02D /* CDRecipe+CoreDataClass.swift */ = {isa = PBXFileReference; lastKnownFileType = sourcecode.swift; path = "CDRecipe+CoreDataClass.swift"; sourceTree = "<group>"; };
		519F5E561FC950980076B02D /* CDRecipe+CoreDataProperties.swift */ = {isa = PBXFileReference; lastKnownFileType = sourcecode.swift; path = "CDRecipe+CoreDataProperties.swift"; sourceTree = "<group>"; };
		519F5E571FC950980076B02D /* CDIngredient+CoreDataClass.swift */ = {isa = PBXFileReference; lastKnownFileType = sourcecode.swift; path = "CDIngredient+CoreDataClass.swift"; sourceTree = "<group>"; };
		519F5E581FC950980076B02D /* CDIngredient+CoreDataProperties.swift */ = {isa = PBXFileReference; lastKnownFileType = sourcecode.swift; path = "CDIngredient+CoreDataProperties.swift"; sourceTree = "<group>"; };
		519F5E5D1FC952020076B02D /* UIColor+AppColors.swift */ = {isa = PBXFileReference; lastKnownFileType = sourcecode.swift; path = "UIColor+AppColors.swift"; sourceTree = "<group>"; };
		519F5E5F1FC9579F0076B02D /* String+Localize.swift */ = {isa = PBXFileReference; lastKnownFileType = sourcecode.swift; path = "String+Localize.swift"; sourceTree = "<group>"; };
		51A218611FC97C9500428D3C /* APIManager.swift */ = {isa = PBXFileReference; lastKnownFileType = sourcecode.swift; path = APIManager.swift; sourceTree = "<group>"; };
		51A218631FC97CAC00428D3C /* Response.swift */ = {isa = PBXFileReference; lastKnownFileType = sourcecode.swift; path = Response.swift; sourceTree = "<group>"; };
		51A218651FC97CE000428D3C /* Dispatcher.swift */ = {isa = PBXFileReference; lastKnownFileType = sourcecode.swift; path = Dispatcher.swift; sourceTree = "<group>"; };
		51A218671FC97D0000428D3C /* Request.swift */ = {isa = PBXFileReference; lastKnownFileType = sourcecode.swift; path = Request.swift; sourceTree = "<group>"; };
		51A218691FC97D1D00428D3C /* Operation.swift */ = {isa = PBXFileReference; lastKnownFileType = sourcecode.swift; path = Operation.swift; sourceTree = "<group>"; };
		56E66116F6E46393E0E1EF22 /* Pods-YourRecipesUITests.debug.xcconfig */ = {isa = PBXFileReference; includeInIndex = 1; lastKnownFileType = text.xcconfig; name = "Pods-YourRecipesUITests.debug.xcconfig"; path = "Pods/Target Support Files/Pods-YourRecipesUITests/Pods-YourRecipesUITests.debug.xcconfig"; sourceTree = "<group>"; };
		74B96EE3F287AA1BB4969779 /* Pods_YourRecipesTests.framework */ = {isa = PBXFileReference; explicitFileType = wrapper.framework; includeInIndex = 0; path = Pods_YourRecipesTests.framework; sourceTree = BUILT_PRODUCTS_DIR; };
		BF7461BF7A9D745A764DAB33 /* Pods_YourRecipesUITests.framework */ = {isa = PBXFileReference; explicitFileType = wrapper.framework; includeInIndex = 0; path = Pods_YourRecipesUITests.framework; sourceTree = BUILT_PRODUCTS_DIR; };
		C5923006D8CB6360D118504A /* Pods-YourRecipes.release.xcconfig */ = {isa = PBXFileReference; includeInIndex = 1; lastKnownFileType = text.xcconfig; name = "Pods-YourRecipes.release.xcconfig"; path = "Pods/Target Support Files/Pods-YourRecipes/Pods-YourRecipes.release.xcconfig"; sourceTree = "<group>"; };
		C77C5F83C63495DE2154CEEA /* Pods-YourRecipesTests.release.xcconfig */ = {isa = PBXFileReference; includeInIndex = 1; lastKnownFileType = text.xcconfig; name = "Pods-YourRecipesTests.release.xcconfig"; path = "Pods/Target Support Files/Pods-YourRecipesTests/Pods-YourRecipesTests.release.xcconfig"; sourceTree = "<group>"; };
		C79EDEA6116945C6DA40B96B /* Pods_YourRecipes.framework */ = {isa = PBXFileReference; explicitFileType = wrapper.framework; includeInIndex = 0; path = Pods_YourRecipes.framework; sourceTree = BUILT_PRODUCTS_DIR; };
		D3B1A862753324E70BE1142D /* Pods-YourRecipesUITests.release.xcconfig */ = {isa = PBXFileReference; includeInIndex = 1; lastKnownFileType = text.xcconfig; name = "Pods-YourRecipesUITests.release.xcconfig"; path = "Pods/Target Support Files/Pods-YourRecipesUITests/Pods-YourRecipesUITests.release.xcconfig"; sourceTree = "<group>"; };
		DC504044848B35E0C13F62C4 /* Pods-YourRecipes.debug.xcconfig */ = {isa = PBXFileReference; includeInIndex = 1; lastKnownFileType = text.xcconfig; name = "Pods-YourRecipes.debug.xcconfig"; path = "Pods/Target Support Files/Pods-YourRecipes/Pods-YourRecipes.debug.xcconfig"; sourceTree = "<group>"; };
/* End PBXFileReference section */

/* Begin PBXFrameworksBuildPhase section */
		519F5E051FC944440076B02D /* Frameworks */ = {
			isa = PBXFrameworksBuildPhase;
			buildActionMask = 2147483647;
			files = (
				3AE371A5FD23477167CA4B03 /* Pods_YourRecipes.framework in Frameworks */,
			);
			runOnlyForDeploymentPostprocessing = 0;
		};
		519F5E1C1FC944440076B02D /* Frameworks */ = {
			isa = PBXFrameworksBuildPhase;
			buildActionMask = 2147483647;
			files = (
				088218CAB08C330F6FC98849 /* Pods_YourRecipesTests.framework in Frameworks */,
			);
			runOnlyForDeploymentPostprocessing = 0;
		};
		519F5E271FC944440076B02D /* Frameworks */ = {
			isa = PBXFrameworksBuildPhase;
			buildActionMask = 2147483647;
			files = (
				20C9472A9DD1018453A08C33 /* Pods_YourRecipesUITests.framework in Frameworks */,
			);
			runOnlyForDeploymentPostprocessing = 0;
		};
/* End PBXFrameworksBuildPhase section */

/* Begin PBXGroup section */
		228272DDAFAF11455F2E4232 /* Pods */ = {
			isa = PBXGroup;
			children = (
				DC504044848B35E0C13F62C4 /* Pods-YourRecipes.debug.xcconfig */,
				C5923006D8CB6360D118504A /* Pods-YourRecipes.release.xcconfig */,
				2FE76D6C96AB5B6B59F96929 /* Pods-YourRecipesTests.debug.xcconfig */,
				C77C5F83C63495DE2154CEEA /* Pods-YourRecipesTests.release.xcconfig */,
				56E66116F6E46393E0E1EF22 /* Pods-YourRecipesUITests.debug.xcconfig */,
				D3B1A862753324E70BE1142D /* Pods-YourRecipesUITests.release.xcconfig */,
			);
			name = Pods;
			sourceTree = "<group>";
		};
		515FF73C1FC9C395002D0DAC /* Category */ = {
			isa = PBXGroup;
			children = (
				519F5E5D1FC952020076B02D /* UIColor+AppColors.swift */,
				519F5E5F1FC9579F0076B02D /* String+Localize.swift */,
			);
			path = Category;
			sourceTree = "<group>";
		};
		5198BD751FC98B7B00DF21E5 /* Requests */ = {
			isa = PBXGroup;
			children = (
				515FF73A1FC9C1DC002D0DAC /* RecipeRequests.swift */,
			);
			path = Requests;
			sourceTree = "<group>";
		};
		5198BD761FC98B8F00DF21E5 /* Operations */ = {
			isa = PBXGroup;
			children = (
				515FF73F1FC9C927002D0DAC /* RecipesOperation.swift */,
			);
			path = Operations;
			sourceTree = "<group>";
		};
		519F5DFF1FC944440076B02D = {
			isa = PBXGroup;
			children = (
				519F5E0A1FC944440076B02D /* YourRecipes */,
				519F5E221FC944440076B02D /* YourRecipesTests */,
				519F5E2D1FC944440076B02D /* YourRecipesUITests */,
				519F5E091FC944440076B02D /* Products */,
				228272DDAFAF11455F2E4232 /* Pods */,
				B460E30585D66144E7517B7D /* Frameworks */,
			);
			sourceTree = "<group>";
		};
		519F5E091FC944440076B02D /* Products */ = {
			isa = PBXGroup;
			children = (
				519F5E081FC944440076B02D /* YourRecipes.app */,
				519F5E1F1FC944440076B02D /* YourRecipesTests.xctest */,
				519F5E2A1FC944440076B02D /* YourRecipesUITests.xctest */,
			);
			name = Products;
			sourceTree = "<group>";
		};
		519F5E0A1FC944440076B02D /* YourRecipes */ = {
			isa = PBXGroup;
			children = (
				519F5E411FC944A60076B02D /* Models */,
				519F5E421FC944AF0076B02D /* ViewControllers */,
				519F5E431FC944BD0076B02D /* View */,
				519F5E451FC944D10076B02D /* SupportingFiles */,
			);
			path = YourRecipes;
			sourceTree = "<group>";
		};
		519F5E221FC944440076B02D /* YourRecipesTests */ = {
			isa = PBXGroup;
			children = (
				519F5E231FC944440076B02D /* YourRecipesTests.swift */,
				519F5E251FC944440076B02D /* Info.plist */,
			);
			path = YourRecipesTests;
			sourceTree = "<group>";
		};
		519F5E2D1FC944440076B02D /* YourRecipesUITests */ = {
			isa = PBXGroup;
			children = (
				519F5E2E1FC944440076B02D /* YourRecipesUITests.swift */,
				519F5E301FC944440076B02D /* Info.plist */,
			);
			path = YourRecipesUITests;
			sourceTree = "<group>";
		};
		519F5E411FC944A60076B02D /* Models */ = {
			isa = PBXGroup;
			children = (
				519F5E471FC944F50076B02D /* Networking */,
				515FF73C1FC9C395002D0DAC /* Category */,
				519F5E461FC944EA0076B02D /* CoreData */,
				515FF73D1FC9C404002D0DAC /* RecipesParameters.swift */,
			);
			path = Models;
			sourceTree = "<group>";
		};
		519F5E421FC944AF0076B02D /* ViewControllers */ = {
			isa = PBXGroup;
			children = (
				519F5E491FC945600076B02D /* LoadingViewController.swift */,
				519F5E4A1FC945600076B02D /* LoadingViewController.xib */,
				519F5E4D1FC945710076B02D /* ListViewController.swift */,
				519F5E4E1FC945710076B02D /* ListViewController.xib */,
				519F5E511FC945820076B02D /* DetailsViewController.swift */,
				519F5E521FC945820076B02D /* DetailsViewController.xib */,
			);
			path = ViewControllers;
			sourceTree = "<group>";
		};
		519F5E431FC944BD0076B02D /* View */ = {
			isa = PBXGroup;
			children = (
				519F5E441FC944C50076B02D /* Cells */,
			);
			path = View;
			sourceTree = "<group>";
		};
		519F5E441FC944C50076B02D /* Cells */ = {
			isa = PBXGroup;
			children = (
			);
			path = Cells;
			sourceTree = "<group>";
		};
		519F5E451FC944D10076B02D /* SupportingFiles */ = {
			isa = PBXGroup;
			children = (
				519F5E0F1FC944440076B02D /* Main.storyboard */,
				519F5E171FC944440076B02D /* LaunchScreen.storyboard */,
				519F5E151FC944440076B02D /* Assets.xcassets */,
				519F5E1A1FC944440076B02D /* Info.plist */,
				519F5E401FC944900076B02D /* Localizable.strings */,
				519F5E0B1FC944440076B02D /* AppDelegate.swift */,
				5193CB8D1FC9D7E300A79D63 /* YourRecipes-Bridging-Header.h */,
			);
			path = SupportingFiles;
			sourceTree = "<group>";
		};
		519F5E461FC944EA0076B02D /* CoreData */ = {
			isa = PBXGroup;
			children = (
				519F5E121FC944440076B02D /* YourRecipes.xcdatamodeld */,
				519F5E551FC950980076B02D /* CDRecipe+CoreDataClass.swift */,
				519F5E561FC950980076B02D /* CDRecipe+CoreDataProperties.swift */,
				519F5E571FC950980076B02D /* CDIngredient+CoreDataClass.swift */,
				519F5E581FC950980076B02D /* CDIngredient+CoreDataProperties.swift */,
			);
			path = CoreData;
			sourceTree = "<group>";
		};
		519F5E471FC944F50076B02D /* Networking */ = {
			isa = PBXGroup;
			children = (
				51A218611FC97C9500428D3C /* APIManager.swift */,
				5198BD771FC98C1700DF21E5 /* Environment.swift */,
				5198BD791FC98C3E00DF21E5 /* NetworkDispatcher.swift */,
				51A218651FC97CE000428D3C /* Dispatcher.swift */,
				51A218671FC97D0000428D3C /* Request.swift */,
				51A218631FC97CAC00428D3C /* Response.swift */,
				51A218691FC97D1D00428D3C /* Operation.swift */,
				5198BD751FC98B7B00DF21E5 /* Requests */,
				5198BD761FC98B8F00DF21E5 /* Operations */,
			);
			path = Networking;
			sourceTree = "<group>";
		};
		B460E30585D66144E7517B7D /* Frameworks */ = {
			isa = PBXGroup;
			children = (
				C79EDEA6116945C6DA40B96B /* Pods_YourRecipes.framework */,
				74B96EE3F287AA1BB4969779 /* Pods_YourRecipesTests.framework */,
				BF7461BF7A9D745A764DAB33 /* Pods_YourRecipesUITests.framework */,
			);
			name = Frameworks;
			sourceTree = "<group>";
		};
/* End PBXGroup section */

/* Begin PBXNativeTarget section */
		519F5E071FC944440076B02D /* YourRecipes */ = {
			isa = PBXNativeTarget;
			buildConfigurationList = 519F5E331FC944440076B02D /* Build configuration list for PBXNativeTarget "YourRecipes" */;
			buildPhases = (
				9DF21C78A6AE2BA63617B32A /* [CP] Check Pods Manifest.lock */,
				519F5E041FC944440076B02D /* Sources */,
				519F5E051FC944440076B02D /* Frameworks */,
				519F5E061FC944440076B02D /* Resources */,
				FEA50D72413359EF9BE8CE22 /* [CP] Embed Pods Frameworks */,
				9D4AA056F42BC5C78CDA3F7B /* [CP] Copy Pods Resources */,
			);
			buildRules = (
			);
			dependencies = (
			);
			name = YourRecipes;
			productName = YourRecipes;
			productReference = 519F5E081FC944440076B02D /* YourRecipes.app */;
			productType = "com.apple.product-type.application";
		};
		519F5E1E1FC944440076B02D /* YourRecipesTests */ = {
			isa = PBXNativeTarget;
			buildConfigurationList = 519F5E361FC944440076B02D /* Build configuration list for PBXNativeTarget "YourRecipesTests" */;
			buildPhases = (
				5D884CDF8DE7D827C46A18EB /* [CP] Check Pods Manifest.lock */,
				519F5E1B1FC944440076B02D /* Sources */,
				519F5E1C1FC944440076B02D /* Frameworks */,
				519F5E1D1FC944440076B02D /* Resources */,
				EB16F9FBEE2A8B117A208BE1 /* [CP] Embed Pods Frameworks */,
				E9FF8DEB9B42BDC579F19087 /* [CP] Copy Pods Resources */,
			);
			buildRules = (
			);
			dependencies = (
				519F5E211FC944440076B02D /* PBXTargetDependency */,
			);
			name = YourRecipesTests;
			productName = YourRecipesTests;
			productReference = 519F5E1F1FC944440076B02D /* YourRecipesTests.xctest */;
			productType = "com.apple.product-type.bundle.unit-test";
		};
		519F5E291FC944440076B02D /* YourRecipesUITests */ = {
			isa = PBXNativeTarget;
			buildConfigurationList = 519F5E391FC944440076B02D /* Build configuration list for PBXNativeTarget "YourRecipesUITests" */;
			buildPhases = (
				2EED2C83B0EE6490A1CD3144 /* [CP] Check Pods Manifest.lock */,
				519F5E261FC944440076B02D /* Sources */,
				519F5E271FC944440076B02D /* Frameworks */,
				519F5E281FC944440076B02D /* Resources */,
				553BBC9ABBA623357D70D608 /* [CP] Embed Pods Frameworks */,
				936B1BB6E6F76F8799E49BEA /* [CP] Copy Pods Resources */,
			);
			buildRules = (
			);
			dependencies = (
				519F5E2C1FC944440076B02D /* PBXTargetDependency */,
			);
			name = YourRecipesUITests;
			productName = YourRecipesUITests;
			productReference = 519F5E2A1FC944440076B02D /* YourRecipesUITests.xctest */;
			productType = "com.apple.product-type.bundle.ui-testing";
		};
/* End PBXNativeTarget section */

/* Begin PBXProject section */
		519F5E001FC944440076B02D /* Project object */ = {
			isa = PBXProject;
			attributes = {
				LastSwiftUpdateCheck = 0910;
				LastUpgradeCheck = 0910;
				ORGANIZATIONNAME = "Marcin Srech";
				TargetAttributes = {
					519F5E071FC944440076B02D = {
						CreatedOnToolsVersion = 9.1;
						LastSwiftMigration = 0910;
						ProvisioningStyle = Automatic;
					};
					519F5E1E1FC944440076B02D = {
						CreatedOnToolsVersion = 9.1;
						ProvisioningStyle = Automatic;
						TestTargetID = 519F5E071FC944440076B02D;
					};
					519F5E291FC944440076B02D = {
						CreatedOnToolsVersion = 9.1;
						ProvisioningStyle = Automatic;
						TestTargetID = 519F5E071FC944440076B02D;
					};
				};
			};
			buildConfigurationList = 519F5E031FC944440076B02D /* Build configuration list for PBXProject "YourRecipes" */;
			compatibilityVersion = "Xcode 8.0";
			developmentRegion = en;
			hasScannedForEncodings = 0;
			knownRegions = (
				en,
				Base,
			);
			mainGroup = 519F5DFF1FC944440076B02D;
			productRefGroup = 519F5E091FC944440076B02D /* Products */;
			projectDirPath = "";
			projectRoot = "";
			targets = (
				519F5E071FC944440076B02D /* YourRecipes */,
				519F5E1E1FC944440076B02D /* YourRecipesTests */,
				519F5E291FC944440076B02D /* YourRecipesUITests */,
			);
		};
/* End PBXProject section */

/* Begin PBXResourcesBuildPhase section */
		519F5E061FC944440076B02D /* Resources */ = {
			isa = PBXResourcesBuildPhase;
			buildActionMask = 2147483647;
			files = (
				519F5E541FC945820076B02D /* DetailsViewController.xib in Resources */,
				519F5E191FC944440076B02D /* LaunchScreen.storyboard in Resources */,
				519F5E3E1FC944900076B02D /* Localizable.strings in Resources */,
				519F5E501FC945710076B02D /* ListViewController.xib in Resources */,
				519F5E161FC944440076B02D /* Assets.xcassets in Resources */,
				519F5E4C1FC945600076B02D /* LoadingViewController.xib in Resources */,
				519F5E111FC944440076B02D /* Main.storyboard in Resources */,
			);
			runOnlyForDeploymentPostprocessing = 0;
		};
		519F5E1D1FC944440076B02D /* Resources */ = {
			isa = PBXResourcesBuildPhase;
			buildActionMask = 2147483647;
			files = (
			);
			runOnlyForDeploymentPostprocessing = 0;
		};
		519F5E281FC944440076B02D /* Resources */ = {
			isa = PBXResourcesBuildPhase;
			buildActionMask = 2147483647;
			files = (
			);
			runOnlyForDeploymentPostprocessing = 0;
		};
/* End PBXResourcesBuildPhase section */

/* Begin PBXShellScriptBuildPhase section */
		2EED2C83B0EE6490A1CD3144 /* [CP] Check Pods Manifest.lock */ = {
			isa = PBXShellScriptBuildPhase;
			buildActionMask = 2147483647;
			files = (
			);
			inputPaths = (
				"${PODS_PODFILE_DIR_PATH}/Podfile.lock",
				"${PODS_ROOT}/Manifest.lock",
			);
			name = "[CP] Check Pods Manifest.lock";
			outputPaths = (
				"$(DERIVED_FILE_DIR)/Pods-YourRecipesUITests-checkManifestLockResult.txt",
			);
			runOnlyForDeploymentPostprocessing = 0;
			shellPath = /bin/sh;
			shellScript = "diff \"${PODS_PODFILE_DIR_PATH}/Podfile.lock\" \"${PODS_ROOT}/Manifest.lock\" > /dev/null\nif [ $? != 0 ] ; then\n    # print error to STDERR\n    echo \"error: The sandbox is not in sync with the Podfile.lock. Run 'pod install' or update your CocoaPods installation.\" >&2\n    exit 1\nfi\n# This output is used by Xcode 'outputs' to avoid re-running this script phase.\necho \"SUCCESS\" > \"${SCRIPT_OUTPUT_FILE_0}\"\n";
			showEnvVarsInLog = 0;
		};
		553BBC9ABBA623357D70D608 /* [CP] Embed Pods Frameworks */ = {
			isa = PBXShellScriptBuildPhase;
			buildActionMask = 2147483647;
			files = (
			);
			inputPaths = (
			);
			name = "[CP] Embed Pods Frameworks";
			outputPaths = (
			);
			runOnlyForDeploymentPostprocessing = 0;
			shellPath = /bin/sh;
			shellScript = "\"${SRCROOT}/Pods/Target Support Files/Pods-YourRecipesUITests/Pods-YourRecipesUITests-frameworks.sh\"\n";
			showEnvVarsInLog = 0;
		};
		5D884CDF8DE7D827C46A18EB /* [CP] Check Pods Manifest.lock */ = {
			isa = PBXShellScriptBuildPhase;
			buildActionMask = 2147483647;
			files = (
			);
			inputPaths = (
				"${PODS_PODFILE_DIR_PATH}/Podfile.lock",
				"${PODS_ROOT}/Manifest.lock",
			);
			name = "[CP] Check Pods Manifest.lock";
			outputPaths = (
				"$(DERIVED_FILE_DIR)/Pods-YourRecipesTests-checkManifestLockResult.txt",
			);
			runOnlyForDeploymentPostprocessing = 0;
			shellPath = /bin/sh;
			shellScript = "diff \"${PODS_PODFILE_DIR_PATH}/Podfile.lock\" \"${PODS_ROOT}/Manifest.lock\" > /dev/null\nif [ $? != 0 ] ; then\n    # print error to STDERR\n    echo \"error: The sandbox is not in sync with the Podfile.lock. Run 'pod install' or update your CocoaPods installation.\" >&2\n    exit 1\nfi\n# This output is used by Xcode 'outputs' to avoid re-running this script phase.\necho \"SUCCESS\" > \"${SCRIPT_OUTPUT_FILE_0}\"\n";
			showEnvVarsInLog = 0;
		};
		936B1BB6E6F76F8799E49BEA /* [CP] Copy Pods Resources */ = {
			isa = PBXShellScriptBuildPhase;
			buildActionMask = 2147483647;
			files = (
			);
			inputPaths = (
			);
			name = "[CP] Copy Pods Resources";
			outputPaths = (
			);
			runOnlyForDeploymentPostprocessing = 0;
			shellPath = /bin/sh;
			shellScript = "\"${SRCROOT}/Pods/Target Support Files/Pods-YourRecipesUITests/Pods-YourRecipesUITests-resources.sh\"\n";
			showEnvVarsInLog = 0;
		};
		9D4AA056F42BC5C78CDA3F7B /* [CP] Copy Pods Resources */ = {
			isa = PBXShellScriptBuildPhase;
			buildActionMask = 2147483647;
			files = (
			);
			inputPaths = (
			);
			name = "[CP] Copy Pods Resources";
			outputPaths = (
			);
			runOnlyForDeploymentPostprocessing = 0;
			shellPath = /bin/sh;
			shellScript = "\"${SRCROOT}/Pods/Target Support Files/Pods-YourRecipes/Pods-YourRecipes-resources.sh\"\n";
			showEnvVarsInLog = 0;
		};
		9DF21C78A6AE2BA63617B32A /* [CP] Check Pods Manifest.lock */ = {
			isa = PBXShellScriptBuildPhase;
			buildActionMask = 2147483647;
			files = (
			);
			inputPaths = (
				"${PODS_PODFILE_DIR_PATH}/Podfile.lock",
				"${PODS_ROOT}/Manifest.lock",
			);
			name = "[CP] Check Pods Manifest.lock";
			outputPaths = (
				"$(DERIVED_FILE_DIR)/Pods-YourRecipes-checkManifestLockResult.txt",
			);
			runOnlyForDeploymentPostprocessing = 0;
			shellPath = /bin/sh;
			shellScript = "diff \"${PODS_PODFILE_DIR_PATH}/Podfile.lock\" \"${PODS_ROOT}/Manifest.lock\" > /dev/null\nif [ $? != 0 ] ; then\n    # print error to STDERR\n    echo \"error: The sandbox is not in sync with the Podfile.lock. Run 'pod install' or update your CocoaPods installation.\" >&2\n    exit 1\nfi\n# This output is used by Xcode 'outputs' to avoid re-running this script phase.\necho \"SUCCESS\" > \"${SCRIPT_OUTPUT_FILE_0}\"\n";
			showEnvVarsInLog = 0;
		};
		E9FF8DEB9B42BDC579F19087 /* [CP] Copy Pods Resources */ = {
			isa = PBXShellScriptBuildPhase;
			buildActionMask = 2147483647;
			files = (
			);
			inputPaths = (
			);
			name = "[CP] Copy Pods Resources";
			outputPaths = (
			);
			runOnlyForDeploymentPostprocessing = 0;
			shellPath = /bin/sh;
			shellScript = "\"${SRCROOT}/Pods/Target Support Files/Pods-YourRecipesTests/Pods-YourRecipesTests-resources.sh\"\n";
			showEnvVarsInLog = 0;
		};
		EB16F9FBEE2A8B117A208BE1 /* [CP] Embed Pods Frameworks */ = {
			isa = PBXShellScriptBuildPhase;
			buildActionMask = 2147483647;
			files = (
			);
			inputPaths = (
			);
			name = "[CP] Embed Pods Frameworks";
			outputPaths = (
			);
			runOnlyForDeploymentPostprocessing = 0;
			shellPath = /bin/sh;
			shellScript = "\"${SRCROOT}/Pods/Target Support Files/Pods-YourRecipesTests/Pods-YourRecipesTests-frameworks.sh\"\n";
			showEnvVarsInLog = 0;
		};
		FEA50D72413359EF9BE8CE22 /* [CP] Embed Pods Frameworks */ = {
			isa = PBXShellScriptBuildPhase;
			buildActionMask = 2147483647;
			files = (
			);
			inputPaths = (
				"${SRCROOT}/Pods/Target Support Files/Pods-YourRecipes/Pods-YourRecipes-frameworks.sh",
				"${BUILT_PRODUCTS_DIR}/HydraAsync/Hydra.framework",
				"${BUILT_PRODUCTS_DIR}/MagicalRecord/MagicalRecord.framework",
				"${BUILT_PRODUCTS_DIR}/SDWebImage/SDWebImage.framework",
				"${BUILT_PRODUCTS_DIR}/SwiftyJSON/SwiftyJSON.framework",
			);
			name = "[CP] Embed Pods Frameworks";
			outputPaths = (
				"${TARGET_BUILD_DIR}/${FRAMEWORKS_FOLDER_PATH}/Hydra.framework",
				"${TARGET_BUILD_DIR}/${FRAMEWORKS_FOLDER_PATH}/MagicalRecord.framework",
				"${TARGET_BUILD_DIR}/${FRAMEWORKS_FOLDER_PATH}/SDWebImage.framework",
				"${TARGET_BUILD_DIR}/${FRAMEWORKS_FOLDER_PATH}/SwiftyJSON.framework",
			);
			runOnlyForDeploymentPostprocessing = 0;
			shellPath = /bin/sh;
			shellScript = "\"${SRCROOT}/Pods/Target Support Files/Pods-YourRecipes/Pods-YourRecipes-frameworks.sh\"\n";
			showEnvVarsInLog = 0;
		};
/* End PBXShellScriptBuildPhase section */

/* Begin PBXSourcesBuildPhase section */
		519F5E041FC944440076B02D /* Sources */ = {
			isa = PBXSourcesBuildPhase;
			buildActionMask = 2147483647;
			files = (
				51A218621FC97C9500428D3C /* APIManager.swift in Sources */,
				515FF73E1FC9C404002D0DAC /* RecipesParameters.swift in Sources */,
				519F5E141FC944440076B02D /* YourRecipes.xcdatamodeld in Sources */,
				519F5E5E1FC952020076B02D /* UIColor+AppColors.swift in Sources */,
				519F5E0C1FC944440076B02D /* AppDelegate.swift in Sources */,
				51A218661FC97CE000428D3C /* Dispatcher.swift in Sources */,
				515FF7401FC9C927002D0DAC /* RecipesOperation.swift in Sources */,
				519F5E5C1FC950980076B02D /* CDIngredient+CoreDataProperties.swift in Sources */,
				515FF73B1FC9C1DC002D0DAC /* RecipeRequests.swift in Sources */,
				519F5E4F1FC945710076B02D /* ListViewController.swift in Sources */,
				51A218681FC97D0000428D3C /* Request.swift in Sources */,
				51A218641FC97CAC00428D3C /* Response.swift in Sources */,
				519F5E601FC9579F0076B02D /* String+Localize.swift in Sources */,
				519F5E4B1FC945600076B02D /* LoadingViewController.swift in Sources */,
				51A2186A1FC97D1D00428D3C /* Operation.swift in Sources */,
				519F5E591FC950980076B02D /* CDRecipe+CoreDataClass.swift in Sources */,
				519F5E5A1FC950980076B02D /* CDRecipe+CoreDataProperties.swift in Sources */,
				519F5E5B1FC950980076B02D /* CDIngredient+CoreDataClass.swift in Sources */,
				5198BD7A1FC98C3E00DF21E5 /* NetworkDispatcher.swift in Sources */,
				519F5E531FC945820076B02D /* DetailsViewController.swift in Sources */,
				5198BD781FC98C1700DF21E5 /* Environment.swift in Sources */,
			);
			runOnlyForDeploymentPostprocessing = 0;
		};
		519F5E1B1FC944440076B02D /* Sources */ = {
			isa = PBXSourcesBuildPhase;
			buildActionMask = 2147483647;
			files = (
				519F5E241FC944440076B02D /* YourRecipesTests.swift in Sources */,
			);
			runOnlyForDeploymentPostprocessing = 0;
		};
		519F5E261FC944440076B02D /* Sources */ = {
			isa = PBXSourcesBuildPhase;
			buildActionMask = 2147483647;
			files = (
				519F5E2F1FC944440076B02D /* YourRecipesUITests.swift in Sources */,
			);
			runOnlyForDeploymentPostprocessing = 0;
		};
/* End PBXSourcesBuildPhase section */

/* Begin PBXTargetDependency section */
		519F5E211FC944440076B02D /* PBXTargetDependency */ = {
			isa = PBXTargetDependency;
			target = 519F5E071FC944440076B02D /* YourRecipes */;
			targetProxy = 519F5E201FC944440076B02D /* PBXContainerItemProxy */;
		};
		519F5E2C1FC944440076B02D /* PBXTargetDependency */ = {
			isa = PBXTargetDependency;
			target = 519F5E071FC944440076B02D /* YourRecipes */;
			targetProxy = 519F5E2B1FC944440076B02D /* PBXContainerItemProxy */;
		};
/* End PBXTargetDependency section */

/* Begin PBXVariantGroup section */
		519F5E0F1FC944440076B02D /* Main.storyboard */ = {
			isa = PBXVariantGroup;
			children = (
				519F5E101FC944440076B02D /* Base */,
			);
			name = Main.storyboard;
			sourceTree = "<group>";
		};
		519F5E171FC944440076B02D /* LaunchScreen.storyboard */ = {
			isa = PBXVariantGroup;
			children = (
				519F5E181FC944440076B02D /* Base */,
			);
			name = LaunchScreen.storyboard;
			sourceTree = "<group>";
		};
		519F5E401FC944900076B02D /* Localizable.strings */ = {
			isa = PBXVariantGroup;
			children = (
				519F5E3F1FC944900076B02D /* en */,
			);
			name = Localizable.strings;
			sourceTree = "<group>";
		};
/* End PBXVariantGroup section */

/* Begin XCBuildConfiguration section */
		519F5E311FC944440076B02D /* Debug */ = {
			isa = XCBuildConfiguration;
			buildSettings = {
				ALWAYS_SEARCH_USER_PATHS = NO;
				CLANG_ANALYZER_NONNULL = YES;
				CLANG_ANALYZER_NUMBER_OBJECT_CONVERSION = YES_AGGRESSIVE;
				CLANG_CXX_LANGUAGE_STANDARD = "gnu++14";
				CLANG_CXX_LIBRARY = "libc++";
				CLANG_ENABLE_MODULES = YES;
				CLANG_ENABLE_OBJC_ARC = YES;
				CLANG_WARN_BLOCK_CAPTURE_AUTORELEASING = YES;
				CLANG_WARN_BOOL_CONVERSION = YES;
				CLANG_WARN_COMMA = YES;
				CLANG_WARN_CONSTANT_CONVERSION = YES;
				CLANG_WARN_DIRECT_OBJC_ISA_USAGE = YES_ERROR;
				CLANG_WARN_DOCUMENTATION_COMMENTS = YES;
				CLANG_WARN_EMPTY_BODY = YES;
				CLANG_WARN_ENUM_CONVERSION = YES;
				CLANG_WARN_INFINITE_RECURSION = YES;
				CLANG_WARN_INT_CONVERSION = YES;
				CLANG_WARN_NON_LITERAL_NULL_CONVERSION = YES;
				CLANG_WARN_OBJC_LITERAL_CONVERSION = YES;
				CLANG_WARN_OBJC_ROOT_CLASS = YES_ERROR;
				CLANG_WARN_RANGE_LOOP_ANALYSIS = YES;
				CLANG_WARN_STRICT_PROTOTYPES = YES;
				CLANG_WARN_SUSPICIOUS_MOVE = YES;
				CLANG_WARN_UNGUARDED_AVAILABILITY = YES_AGGRESSIVE;
				CLANG_WARN_UNREACHABLE_CODE = YES;
				CLANG_WARN__DUPLICATE_METHOD_MATCH = YES;
				CODE_SIGN_IDENTITY = "iPhone Developer";
				COPY_PHASE_STRIP = NO;
				DEBUG_INFORMATION_FORMAT = dwarf;
				ENABLE_STRICT_OBJC_MSGSEND = YES;
				ENABLE_TESTABILITY = YES;
				GCC_C_LANGUAGE_STANDARD = gnu11;
				GCC_DYNAMIC_NO_PIC = NO;
				GCC_NO_COMMON_BLOCKS = YES;
				GCC_OPTIMIZATION_LEVEL = 0;
				GCC_PREPROCESSOR_DEFINITIONS = (
					"DEBUG=1",
					"$(inherited)",
				);
				GCC_WARN_64_TO_32_BIT_CONVERSION = YES;
				GCC_WARN_ABOUT_RETURN_TYPE = YES_ERROR;
				GCC_WARN_UNDECLARED_SELECTOR = YES;
				GCC_WARN_UNINITIALIZED_AUTOS = YES_AGGRESSIVE;
				GCC_WARN_UNUSED_FUNCTION = YES;
				GCC_WARN_UNUSED_VARIABLE = YES;
				IPHONEOS_DEPLOYMENT_TARGET = 10.0;
				MTL_ENABLE_DEBUG_INFO = YES;
				ONLY_ACTIVE_ARCH = YES;
				SDKROOT = iphoneos;
				SWIFT_ACTIVE_COMPILATION_CONDITIONS = DEBUG;
				SWIFT_OPTIMIZATION_LEVEL = "-Onone";
			};
			name = Debug;
		};
		519F5E321FC944440076B02D /* Release */ = {
			isa = XCBuildConfiguration;
			buildSettings = {
				ALWAYS_SEARCH_USER_PATHS = NO;
				CLANG_ANALYZER_NONNULL = YES;
				CLANG_ANALYZER_NUMBER_OBJECT_CONVERSION = YES_AGGRESSIVE;
				CLANG_CXX_LANGUAGE_STANDARD = "gnu++14";
				CLANG_CXX_LIBRARY = "libc++";
				CLANG_ENABLE_MODULES = YES;
				CLANG_ENABLE_OBJC_ARC = YES;
				CLANG_WARN_BLOCK_CAPTURE_AUTORELEASING = YES;
				CLANG_WARN_BOOL_CONVERSION = YES;
				CLANG_WARN_COMMA = YES;
				CLANG_WARN_CONSTANT_CONVERSION = YES;
				CLANG_WARN_DIRECT_OBJC_ISA_USAGE = YES_ERROR;
				CLANG_WARN_DOCUMENTATION_COMMENTS = YES;
				CLANG_WARN_EMPTY_BODY = YES;
				CLANG_WARN_ENUM_CONVERSION = YES;
				CLANG_WARN_INFINITE_RECURSION = YES;
				CLANG_WARN_INT_CONVERSION = YES;
				CLANG_WARN_NON_LITERAL_NULL_CONVERSION = YES;
				CLANG_WARN_OBJC_LITERAL_CONVERSION = YES;
				CLANG_WARN_OBJC_ROOT_CLASS = YES_ERROR;
				CLANG_WARN_RANGE_LOOP_ANALYSIS = YES;
				CLANG_WARN_STRICT_PROTOTYPES = YES;
				CLANG_WARN_SUSPICIOUS_MOVE = YES;
				CLANG_WARN_UNGUARDED_AVAILABILITY = YES_AGGRESSIVE;
				CLANG_WARN_UNREACHABLE_CODE = YES;
				CLANG_WARN__DUPLICATE_METHOD_MATCH = YES;
				CODE_SIGN_IDENTITY = "iPhone Developer";
				COPY_PHASE_STRIP = NO;
				DEBUG_INFORMATION_FORMAT = "dwarf-with-dsym";
				ENABLE_NS_ASSERTIONS = NO;
				ENABLE_STRICT_OBJC_MSGSEND = YES;
				GCC_C_LANGUAGE_STANDARD = gnu11;
				GCC_NO_COMMON_BLOCKS = YES;
				GCC_WARN_64_TO_32_BIT_CONVERSION = YES;
				GCC_WARN_ABOUT_RETURN_TYPE = YES_ERROR;
				GCC_WARN_UNDECLARED_SELECTOR = YES;
				GCC_WARN_UNINITIALIZED_AUTOS = YES_AGGRESSIVE;
				GCC_WARN_UNUSED_FUNCTION = YES;
				GCC_WARN_UNUSED_VARIABLE = YES;
				IPHONEOS_DEPLOYMENT_TARGET = 10.0;
				MTL_ENABLE_DEBUG_INFO = NO;
				SDKROOT = iphoneos;
				SWIFT_OPTIMIZATION_LEVEL = "-Owholemodule";
				VALIDATE_PRODUCT = YES;
			};
			name = Release;
		};
		519F5E341FC944440076B02D /* Debug */ = {
			isa = XCBuildConfiguration;
			baseConfigurationReference = DC504044848B35E0C13F62C4 /* Pods-YourRecipes.debug.xcconfig */;
			buildSettings = {
				ASSETCATALOG_COMPILER_APPICON_NAME = AppIcon;
				CLANG_ENABLE_MODULES = YES;
				CODE_SIGN_STYLE = Automatic;
				INFOPLIST_FILE = "$(SRCROOT)/YourRecipes/SupportingFiles/Info.plist";
				LD_RUNPATH_SEARCH_PATHS = "$(inherited) @executable_path/Frameworks";
				PRODUCT_BUNDLE_IDENTIFIER = wicin.YourRecipes;
				PRODUCT_NAME = "$(TARGET_NAME)";
				SWIFT_OBJC_BRIDGING_HEADER = "YourRecipes/SupportingFiles/YourRecipes-Bridging-Header.h";
				SWIFT_OPTIMIZATION_LEVEL = "-Onone";
				SWIFT_VERSION = 4.0;
				TARGETED_DEVICE_FAMILY = "1,2";
			};
			name = Debug;
		};
		519F5E351FC944440076B02D /* Release */ = {
			isa = XCBuildConfiguration;
			baseConfigurationReference = C5923006D8CB6360D118504A /* Pods-YourRecipes.release.xcconfig */;
			buildSettings = {
				ASSETCATALOG_COMPILER_APPICON_NAME = AppIcon;
				CLANG_ENABLE_MODULES = YES;
				CODE_SIGN_STYLE = Automatic;
				INFOPLIST_FILE = "$(SRCROOT)/YourRecipes/SupportingFiles/Info.plist";
				LD_RUNPATH_SEARCH_PATHS = "$(inherited) @executable_path/Frameworks";
				PRODUCT_BUNDLE_IDENTIFIER = wicin.YourRecipes;
				PRODUCT_NAME = "$(TARGET_NAME)";
				SWIFT_OBJC_BRIDGING_HEADER = "YourRecipes/SupportingFiles/YourRecipes-Bridging-Header.h";
				SWIFT_VERSION = 4.0;
				TARGETED_DEVICE_FAMILY = "1,2";
			};
			name = Release;
		};
		519F5E371FC944440076B02D /* Debug */ = {
			isa = XCBuildConfiguration;
			baseConfigurationReference = 2FE76D6C96AB5B6B59F96929 /* Pods-YourRecipesTests.debug.xcconfig */;
			buildSettings = {
				ALWAYS_EMBED_SWIFT_STANDARD_LIBRARIES = YES;
				BUNDLE_LOADER = "$(TEST_HOST)";
				CODE_SIGN_STYLE = Automatic;
				INFOPLIST_FILE = YourRecipesTests/Info.plist;
				LD_RUNPATH_SEARCH_PATHS = "$(inherited) @executable_path/Frameworks @loader_path/Frameworks";
				PRODUCT_BUNDLE_IDENTIFIER = wicin.YourRecipesTests;
				PRODUCT_NAME = "$(TARGET_NAME)";
				SWIFT_VERSION = 4.0;
				TARGETED_DEVICE_FAMILY = "1,2";
				TEST_HOST = "$(BUILT_PRODUCTS_DIR)/YourRecipes.app/YourRecipes";
			};
			name = Debug;
		};
		519F5E381FC944440076B02D /* Release */ = {
			isa = XCBuildConfiguration;
			baseConfigurationReference = C77C5F83C63495DE2154CEEA /* Pods-YourRecipesTests.release.xcconfig */;
			buildSettings = {
				ALWAYS_EMBED_SWIFT_STANDARD_LIBRARIES = YES;
				BUNDLE_LOADER = "$(TEST_HOST)";
				CODE_SIGN_STYLE = Automatic;
				INFOPLIST_FILE = YourRecipesTests/Info.plist;
				LD_RUNPATH_SEARCH_PATHS = "$(inherited) @executable_path/Frameworks @loader_path/Frameworks";
				PRODUCT_BUNDLE_IDENTIFIER = wicin.YourRecipesTests;
				PRODUCT_NAME = "$(TARGET_NAME)";
				SWIFT_VERSION = 4.0;
				TARGETED_DEVICE_FAMILY = "1,2";
				TEST_HOST = "$(BUILT_PRODUCTS_DIR)/YourRecipes.app/YourRecipes";
			};
			name = Release;
		};
		519F5E3A1FC944440076B02D /* Debug */ = {
			isa = XCBuildConfiguration;
			baseConfigurationReference = 56E66116F6E46393E0E1EF22 /* Pods-YourRecipesUITests.debug.xcconfig */;
			buildSettings = {
				ALWAYS_EMBED_SWIFT_STANDARD_LIBRARIES = YES;
				CODE_SIGN_STYLE = Automatic;
				INFOPLIST_FILE = YourRecipesUITests/Info.plist;
				LD_RUNPATH_SEARCH_PATHS = "$(inherited) @executable_path/Frameworks @loader_path/Frameworks";
				PRODUCT_BUNDLE_IDENTIFIER = wicin.YourRecipesUITests;
				PRODUCT_NAME = "$(TARGET_NAME)";
				SWIFT_VERSION = 4.0;
				TARGETED_DEVICE_FAMILY = "1,2";
				TEST_TARGET_NAME = YourRecipes;
			};
			name = Debug;
		};
		519F5E3B1FC944440076B02D /* Release */ = {
			isa = XCBuildConfiguration;
			baseConfigurationReference = D3B1A862753324E70BE1142D /* Pods-YourRecipesUITests.release.xcconfig */;
			buildSettings = {
				ALWAYS_EMBED_SWIFT_STANDARD_LIBRARIES = YES;
				CODE_SIGN_STYLE = Automatic;
				INFOPLIST_FILE = YourRecipesUITests/Info.plist;
				LD_RUNPATH_SEARCH_PATHS = "$(inherited) @executable_path/Frameworks @loader_path/Frameworks";
				PRODUCT_BUNDLE_IDENTIFIER = wicin.YourRecipesUITests;
				PRODUCT_NAME = "$(TARGET_NAME)";
				SWIFT_VERSION = 4.0;
				TARGETED_DEVICE_FAMILY = "1,2";
				TEST_TARGET_NAME = YourRecipes;
			};
			name = Release;
		};
/* End XCBuildConfiguration section */

/* Begin XCConfigurationList section */
		519F5E031FC944440076B02D /* Build configuration list for PBXProject "YourRecipes" */ = {
			isa = XCConfigurationList;
			buildConfigurations = (
				519F5E311FC944440076B02D /* Debug */,
				519F5E321FC944440076B02D /* Release */,
			);
			defaultConfigurationIsVisible = 0;
			defaultConfigurationName = Release;
		};
		519F5E331FC944440076B02D /* Build configuration list for PBXNativeTarget "YourRecipes" */ = {
			isa = XCConfigurationList;
			buildConfigurations = (
				519F5E341FC944440076B02D /* Debug */,
				519F5E351FC944440076B02D /* Release */,
			);
			defaultConfigurationIsVisible = 0;
			defaultConfigurationName = Release;
		};
		519F5E361FC944440076B02D /* Build configuration list for PBXNativeTarget "YourRecipesTests" */ = {
			isa = XCConfigurationList;
			buildConfigurations = (
				519F5E371FC944440076B02D /* Debug */,
				519F5E381FC944440076B02D /* Release */,
			);
			defaultConfigurationIsVisible = 0;
			defaultConfigurationName = Release;
		};
		519F5E391FC944440076B02D /* Build configuration list for PBXNativeTarget "YourRecipesUITests" */ = {
			isa = XCConfigurationList;
			buildConfigurations = (
				519F5E3A1FC944440076B02D /* Debug */,
				519F5E3B1FC944440076B02D /* Release */,
			);
			defaultConfigurationIsVisible = 0;
			defaultConfigurationName = Release;
		};
/* End XCConfigurationList section */

/* Begin XCVersionGroup section */
		519F5E121FC944440076B02D /* YourRecipes.xcdatamodeld */ = {
			isa = XCVersionGroup;
			children = (
				519F5E131FC944440076B02D /* YourRecipes.xcdatamodel */,
			);
			currentVersion = 519F5E131FC944440076B02D /* YourRecipes.xcdatamodel */;
			path = YourRecipes.xcdatamodeld;
			sourceTree = "<group>";
			versionGroupType = wrapper.xcdatamodel;
		};
/* End XCVersionGroup section */
	};
	rootObject = 519F5E001FC944440076B02D /* Project object */;
}
